// !$*UTF8*$!
{
	archiveVersion = 1;
	classes = {
	};
	objectVersion = 50;
	objects = {

/* Begin PBXBuildFile section */
		0D0915D72454C43000365716 /* AppDelegate.swift in Sources */ = {isa = PBXBuildFile; fileRef = 0D0915D62454C43000365716 /* AppDelegate.swift */; };
		0D0915D92454C43000365716 /* SceneDelegate.swift in Sources */ = {isa = PBXBuildFile; fileRef = 0D0915D82454C43000365716 /* SceneDelegate.swift */; };
		0D0915DB2454C43000365716 /* ViewController.swift in Sources */ = {isa = PBXBuildFile; fileRef = 0D0915DA2454C43000365716 /* ViewController.swift */; };
		0D0915DE2454C43000365716 /* Main.storyboard in Resources */ = {isa = PBXBuildFile; fileRef = 0D0915DC2454C43000365716 /* Main.storyboard */; };
		0D0915E02454C43400365716 /* Assets.xcassets in Resources */ = {isa = PBXBuildFile; fileRef = 0D0915DF2454C43400365716 /* Assets.xcassets */; };
		0D0915E32454C43400365716 /* LaunchScreen.storyboard in Resources */ = {isa = PBXBuildFile; fileRef = 0D0915E12454C43400365716 /* LaunchScreen.storyboard */; };
		0D0915EB2454CED800365716 /* Viagem.swift in Sources */ = {isa = PBXBuildFile; fileRef = 0D0915EA2454CED800365716 /* Viagem.swift */; };
		0D0915EF2454D18D00365716 /* ViagemDAO.swift in Sources */ = {isa = PBXBuildFile; fileRef = 0D0915EE2454D18C00365716 /* ViagemDAO.swift */; };
		0D0915F22454D3DF00365716 /* DestinoTableViewCell.swift in Sources */ = {isa = PBXBuildFile; fileRef = 0D0915F12454D3DF00365716 /* DestinoTableViewCell.swift */; };
		0D0915F92454D68900365716 /* img5.jpg in Resources */ = {isa = PBXBuildFile; fileRef = 0D0915F42454D68900365716 /* img5.jpg */; };
		0D0915FA2454D68900365716 /* img4.jpg in Resources */ = {isa = PBXBuildFile; fileRef = 0D0915F52454D68900365716 /* img4.jpg */; };
		0D0915FB2454D68900365716 /* img3.jpg in Resources */ = {isa = PBXBuildFile; fileRef = 0D0915F62454D68900365716 /* img3.jpg */; };
		0D0915FC2454D68900365716 /* img2.jpg in Resources */ = {isa = PBXBuildFile; fileRef = 0D0915F72454D68900365716 /* img2.jpg */; };
		0D0915FD2454D68900365716 /* img1.png in Resources */ = {isa = PBXBuildFile; fileRef = 0D0915F82454D68900365716 /* img1.png */; };
/* End PBXBuildFile section */

/* Begin PBXFileReference section */
		0D0915D32454C43000365716 /* Gabriel Viagens.app */ = {isa = PBXFileReference; explicitFileType = wrapper.application; includeInIndex = 0; path = "Gabriel Viagens.app"; sourceTree = BUILT_PRODUCTS_DIR; };
		0D0915D62454C43000365716 /* AppDelegate.swift */ = {isa = PBXFileReference; lastKnownFileType = sourcecode.swift; path = AppDelegate.swift; sourceTree = "<group>"; };
		0D0915D82454C43000365716 /* SceneDelegate.swift */ = {isa = PBXFileReference; lastKnownFileType = sourcecode.swift; path = SceneDelegate.swift; sourceTree = "<group>"; };
		0D0915DA2454C43000365716 /* ViewController.swift */ = {isa = PBXFileReference; lastKnownFileType = sourcecode.swift; path = ViewController.swift; sourceTree = "<group>"; };
		0D0915DD2454C43000365716 /* Base */ = {isa = PBXFileReference; lastKnownFileType = file.storyboard; name = Base; path = Base.lproj/Main.storyboard; sourceTree = "<group>"; };
		0D0915DF2454C43400365716 /* Assets.xcassets */ = {isa = PBXFileReference; lastKnownFileType = folder.assetcatalog; path = Assets.xcassets; sourceTree = "<group>"; };
		0D0915E22454C43400365716 /* Base */ = {isa = PBXFileReference; lastKnownFileType = file.storyboard; name = Base; path = Base.lproj/LaunchScreen.storyboard; sourceTree = "<group>"; };
		0D0915E42454C43400365716 /* Info.plist */ = {isa = PBXFileReference; lastKnownFileType = text.plist.xml; path = Info.plist; sourceTree = "<group>"; };
		0D0915EA2454CED800365716 /* Viagem.swift */ = {isa = PBXFileReference; lastKnownFileType = sourcecode.swift; path = Viagem.swift; sourceTree = "<group>"; };
		0D0915EE2454D18C00365716 /* ViagemDAO.swift */ = {isa = PBXFileReference; fileEncoding = 4; lastKnownFileType = sourcecode.swift; path = ViagemDAO.swift; sourceTree = "<group>"; };
		0D0915F12454D3DF00365716 /* DestinoTableViewCell.swift */ = {isa = PBXFileReference; lastKnownFileType = sourcecode.swift; path = DestinoTableViewCell.swift; sourceTree = "<group>"; };
		0D0915F42454D68900365716 /* img5.jpg */ = {isa = PBXFileReference; lastKnownFileType = image.jpeg; path = img5.jpg; sourceTree = "<group>"; };
		0D0915F52454D68900365716 /* img4.jpg */ = {isa = PBXFileReference; lastKnownFileType = image.jpeg; path = img4.jpg; sourceTree = "<group>"; };
		0D0915F62454D68900365716 /* img3.jpg */ = {isa = PBXFileReference; lastKnownFileType = image.jpeg; path = img3.jpg; sourceTree = "<group>"; };
		0D0915F72454D68900365716 /* img2.jpg */ = {isa = PBXFileReference; lastKnownFileType = image.jpeg; path = img2.jpg; sourceTree = "<group>"; };
		0D0915F82454D68900365716 /* img1.png */ = {isa = PBXFileReference; lastKnownFileType = image.png; path = img1.png; sourceTree = "<group>"; };
/* End PBXFileReference section */

/* Begin PBXFrameworksBuildPhase section */
		0D0915D02454C42F00365716 /* Frameworks */ = {
			isa = PBXFrameworksBuildPhase;
			buildActionMask = 2147483647;
			files = (
			);
			runOnlyForDeploymentPostprocessing = 0;
		};
/* End PBXFrameworksBuildPhase section */

/* Begin PBXGroup section */
		0D0915CA2454C42F00365716 = {
			isa = PBXGroup;
			children = (
				0D0915D52454C43000365716 /* Gabriel Viagens */,
				0D0915D42454C43000365716 /* Products */,
			);
			sourceTree = "<group>";
		};
		0D0915D42454C43000365716 /* Products */ = {
			isa = PBXGroup;
			children = (
				0D0915D32454C43000365716 /* Gabriel Viagens.app */,
			);
			name = Products;
			sourceTree = "<group>";
		};
		0D0915D52454C43000365716 /* Gabriel Viagens */ = {
			isa = PBXGroup;
			children = (
				0D0915F32454D68900365716 /* Assets */,
				0D0915F02454D34700365716 /* Viagem */,
				0D0915D62454C43000365716 /* AppDelegate.swift */,
				0D0915D82454C43000365716 /* SceneDelegate.swift */,
				0D0915F12454D3DF00365716 /* DestinoTableViewCell.swift */,
				0D0915DA2454C43000365716 /* ViewController.swift */,
				0D0915DC2454C43000365716 /* Main.storyboard */,
				0D0915DF2454C43400365716 /* Assets.xcassets */,
				0D0915E12454C43400365716 /* LaunchScreen.storyboard */,
				0D0915E42454C43400365716 /* Info.plist */,
			);
			path = "Gabriel Viagens";
			sourceTree = "<group>";
		};
		0D0915F02454D34700365716 /* Viagem */ = {
			isa = PBXGroup;
			children = (
				0D0915EA2454CED800365716 /* Viagem.swift */,
				0D0915EE2454D18C00365716 /* ViagemDAO.swift */,
			);
			path = Viagem;
			sourceTree = "<group>";
		};
		0D0915F32454D68900365716 /* Assets */ = {
			isa = PBXGroup;
			children = (
				0D0915F42454D68900365716 /* img5.jpg */,
				0D0915F52454D68900365716 /* img4.jpg */,
				0D0915F62454D68900365716 /* img3.jpg */,
				0D0915F72454D68900365716 /* img2.jpg */,
				0D0915F82454D68900365716 /* img1.png */,
			);
			path = Assets;
			sourceTree = "<group>";
		};
/* End PBXGroup section */

/* Begin PBXNativeTarget section */
		0D0915D22454C42F00365716 /* Gabriel Viagens */ = {
			isa = PBXNativeTarget;
			buildConfigurationList = 0D0915E72454C43400365716 /* Build configuration list for PBXNativeTarget "Gabriel Viagens" */;
			buildPhases = (
				0D0915CF2454C42F00365716 /* Sources */,
				0D0915D02454C42F00365716 /* Frameworks */,
				0D0915D12454C42F00365716 /* Resources */,
			);
			buildRules = (
			);
			dependencies = (
			);
			name = "Gabriel Viagens";
			productName = "Gabriel Viagens";
			productReference = 0D0915D32454C43000365716 /* Gabriel Viagens.app */;
			productType = "com.apple.product-type.application";
		};
/* End PBXNativeTarget section */

/* Begin PBXProject section */
		0D0915CB2454C42F00365716 /* Project object */ = {
			isa = PBXProject;
			attributes = {
				LastSwiftUpdateCheck = 1140;
				LastUpgradeCheck = 1140;
				ORGANIZATIONNAME = "Gabriel Chirico Mahtuk de Melo Sanzone";
				TargetAttributes = {
					0D0915D22454C42F00365716 = {
						CreatedOnToolsVersion = 11.4.1;
					};
				};
			};
			buildConfigurationList = 0D0915CE2454C42F00365716 /* Build configuration list for PBXProject "Gabriel Viagens" */;
			compatibilityVersion = "Xcode 9.3";
			developmentRegion = en;
			hasScannedForEncodings = 0;
			knownRegions = (
				en,
				Base,
			);
			mainGroup = 0D0915CA2454C42F00365716;
			productRefGroup = 0D0915D42454C43000365716 /* Products */;
			projectDirPath = "";
			projectRoot = "";
			targets = (
				0D0915D22454C42F00365716 /* Gabriel Viagens */,
			);
		};
/* End PBXProject section */

/* Begin PBXResourcesBuildPhase section */
		0D0915D12454C42F00365716 /* Resources */ = {
			isa = PBXResourcesBuildPhase;
			buildActionMask = 2147483647;
			files = (
				0D0915E32454C43400365716 /* LaunchScreen.storyboard in Resources */,
				0D0915FD2454D68900365716 /* img1.png in Resources */,
				0D0915FB2454D68900365716 /* img3.jpg in Resources */,
				0D0915FA2454D68900365716 /* img4.jpg in Resources */,
				0D0915F92454D68900365716 /* img5.jpg in Resources */,
				0D0915E02454C43400365716 /* Assets.xcassets in Resources */,
				0D0915DE2454C43000365716 /* Main.storyboard in Resources */,
				0D0915FC2454D68900365716 /* img2.jpg in Resources */,
			);
			runOnlyForDeploymentPostprocessing = 0;
		};
/* End PBXResourcesBuildPhase section */

/* Begin PBXSourcesBuildPhase section */
		0D0915CF2454C42F00365716 /* Sources */ = {
			isa = PBXSourcesBuildPhase;
			buildActionMask = 2147483647;
			files = (
				0D0915EB2454CED800365716 /* Viagem.swift in Sources */,
				0D0915EF2454D18D00365716 /* ViagemDAO.swift in Sources */,
				0D0915F22454D3DF00365716 /* DestinoTableViewCell.swift in Sources */,
				0D0915DB2454C43000365716 /* ViewController.swift in Sources */,
				0D0915D72454C43000365716 /* AppDelegate.swift in Sources */,
				0D0915D92454C43000365716 /* SceneDelegate.swift in Sources */,
			);
			runOnlyForDeploymentPostprocessing = 0;
		};
/* End PBXSourcesBuildPhase section */

/* Begin PBXVariantGroup section */
		0D0915DC2454C43000365716 /* Main.storyboard */ = {
			isa = PBXVariantGroup;
			children = (
				0D0915DD2454C43000365716 /* Base */,
			);
			name = Main.storyboard;
			sourceTree = "<group>";
		};
		0D0915E12454C43400365716 /* LaunchScreen.storyboard */ = {
			isa = PBXVariantGroup;
			children = (
				0D0915E22454C43400365716 /* Base */,
			);
			name = LaunchScreen.storyboard;
			sourceTree = "<group>";
		};
/* End PBXVariantGroup section */

/* Begin XCBuildConfiguration section */
		0D0915E52454C43400365716 /* Debug */ = {
			isa = XCBuildConfiguration;
			buildSettings = {
				ALWAYS_SEARCH_USER_PATHS = NO;
				CLANG_ANALYZER_NONNULL = YES;
				CLANG_ANALYZER_NUMBER_OBJECT_CONVERSION = YES_AGGRESSIVE;
				CLANG_CXX_LANGUAGE_STANDARD = "gnu++14";
				CLANG_CXX_LIBRARY = "libc++";
				CLANG_ENABLE_MODULES = YES;
				CLANG_ENABLE_OBJC_ARC = YES;
				CLANG_ENABLE_OBJC_WEAK = YES;
				CLANG_WARN_BLOCK_CAPTURE_AUTORELEASING = YES;
				CLANG_WARN_BOOL_CONVERSION = YES;
				CLANG_WARN_COMMA = YES;
				CLANG_WARN_CONSTANT_CONVERSION = YES;
				CLANG_WARN_DEPRECATED_OBJC_IMPLEMENTATIONS = YES;
				CLANG_WARN_DIRECT_OBJC_ISA_USAGE = YES_ERROR;
				CLANG_WARN_DOCUMENTATION_COMMENTS = YES;
				CLANG_WARN_EMPTY_BODY = YES;
				CLANG_WARN_ENUM_CONVERSION = YES;
				CLANG_WARN_INFINITE_RECURSION = YES;
				CLANG_WARN_INT_CONVERSION = YES;
				CLANG_WARN_NON_LITERAL_NULL_CONVERSION = YES;
				CLANG_WARN_OBJC_IMPLICIT_RETAIN_SELF = YES;
				CLANG_WARN_OBJC_LITERAL_CONVERSION = YES;
				CLANG_WARN_OBJC_ROOT_CLASS = YES_ERROR;
				CLANG_WARN_RANGE_LOOP_ANALYSIS = YES;
				CLANG_WARN_STRICT_PROTOTYPES = YES;
				CLANG_WARN_SUSPICIOUS_MOVE = YES;
				CLANG_WARN_UNGUARDED_AVAILABILITY = YES_AGGRESSIVE;
				CLANG_WARN_UNREACHABLE_CODE = YES;
				CLANG_WARN__DUPLICATE_METHOD_MATCH = YES;
				COPY_PHASE_STRIP = NO;
				DEBUG_INFORMATION_FORMAT = dwarf;
				ENABLE_STRICT_OBJC_MSGSEND = YES;
				ENABLE_TESTABILITY = YES;
				GCC_C_LANGUAGE_STANDARD = gnu11;
				GCC_DYNAMIC_NO_PIC = NO;
				GCC_NO_COMMON_BLOCKS = YES;
				GCC_OPTIMIZATION_LEVEL = 0;
				GCC_PREPROCESSOR_DEFINITIONS = (
					"DEBUG=1",
					"$(inherited)",
				);
				GCC_WARN_64_TO_32_BIT_CONVERSION = YES;
				GCC_WARN_ABOUT_RETURN_TYPE = YES_ERROR;
				GCC_WARN_UNDECLARED_SELECTOR = YES;
				GCC_WARN_UNINITIALIZED_AUTOS = YES_AGGRESSIVE;
				GCC_WARN_UNUSED_FUNCTION = YES;
				GCC_WARN_UNUSED_VARIABLE = YES;
				IPHONEOS_DEPLOYMENT_TARGET = 13.4;
				MTL_ENABLE_DEBUG_INFO = INCLUDE_SOURCE;
				MTL_FAST_MATH = YES;
				ONLY_ACTIVE_ARCH = YES;
				SDKROOT = iphoneos;
				SWIFT_ACTIVE_COMPILATION_CONDITIONS = DEBUG;
				SWIFT_OPTIMIZATION_LEVEL = "-Onone";
			};
			name = Debug;
		};
		0D0915E62454C43400365716 /* Release */ = {
			isa = XCBuildConfiguration;
			buildSettings = {
				ALWAYS_SEARCH_USER_PATHS = NO;
				CLANG_ANALYZER_NONNULL = YES;
				CLANG_ANALYZER_NUMBER_OBJECT_CONVERSION = YES_AGGRESSIVE;
				CLANG_CXX_LANGUAGE_STANDARD = "gnu++14";
				CLANG_CXX_LIBRARY = "libc++";
				CLANG_ENABLE_MODULES = YES;
				CLANG_ENABLE_OBJC_ARC = YES;
				CLANG_ENABLE_OBJC_WEAK = YES;
				CLANG_WARN_BLOCK_CAPTURE_AUTORELEASING = YES;
				CLANG_WARN_BOOL_CONVERSION = YES;
				CLANG_WARN_COMMA = YES;
				CLANG_WARN_CONSTANT_CONVERSION = YES;
				CLANG_WARN_DEPRECATED_OBJC_IMPLEMENTATIONS = YES;
				CLANG_WARN_DIRECT_OBJC_ISA_USAGE = YES_ERROR;
				CLANG_WARN_DOCUMENTATION_COMMENTS = YES;
				CLANG_WARN_EMPTY_BODY = YES;
				CLANG_WARN_ENUM_CONVERSION = YES;
				CLANG_WARN_INFINITE_RECURSION = YES;
				CLANG_WARN_INT_CONVERSION = YES;
				CLANG_WARN_NON_LITERAL_NULL_CONVERSION = YES;
				CLANG_WARN_OBJC_IMPLICIT_RETAIN_SELF = YES;
				CLANG_WARN_OBJC_LITERAL_CONVERSION = YES;
				CLANG_WARN_OBJC_ROOT_CLASS = YES_ERROR;
				CLANG_WARN_RANGE_LOOP_ANALYSIS = YES;
				CLANG_WARN_STRICT_PROTOTYPES = YES;
				CLANG_WARN_SUSPICIOUS_MOVE = YES;
				CLANG_WARN_UNGUARDED_AVAILABILITY = YES_AGGRESSIVE;
				CLANG_WARN_UNREACHABLE_CODE = YES;
				CLANG_WARN__DUPLICATE_METHOD_MATCH = YES;
				COPY_PHASE_STRIP = NO;
				DEBUG_INFORMATION_FORMAT = "dwarf-with-dsym";
				ENABLE_NS_ASSERTIONS = NO;
				ENABLE_STRICT_OBJC_MSGSEND = YES;
				GCC_C_LANGUAGE_STANDARD = gnu11;
				GCC_NO_COMMON_BLOCKS = YES;
				GCC_WARN_64_TO_32_BIT_CONVERSION = YES;
				GCC_WARN_ABOUT_RETURN_TYPE = YES_ERROR;
				GCC_WARN_UNDECLARED_SELECTOR = YES;
				GCC_WARN_UNINITIALIZED_AUTOS = YES_AGGRESSIVE;
				GCC_WARN_UNUSED_FUNCTION = YES;
				GCC_WARN_UNUSED_VARIABLE = YES;
				IPHONEOS_DEPLOYMENT_TARGET = 13.4;
				MTL_ENABLE_DEBUG_INFO = NO;
				MTL_FAST_MATH = YES;
				SDKROOT = iphoneos;
				SWIFT_COMPILATION_MODE = wholemodule;
				SWIFT_OPTIMIZATION_LEVEL = "-O";
				VALIDATE_PRODUCT = YES;
			};
			name = Release;
		};
		0D0915E82454C43400365716 /* Debug */ = {
			isa = XCBuildConfiguration;
			buildSettings = {
				ASSETCATALOG_COMPILER_APPICON_NAME = AppIcon;
				CODE_SIGN_STYLE = Automatic;
				DEVELOPMENT_TEAM = F7WMR3QZR6;
				INFOPLIST_FILE = "Gabriel Viagens/Info.plist";
				LD_RUNPATH_SEARCH_PATHS = (
					"$(inherited)",
					"@executable_path/Frameworks",
				);
				PRODUCT_BUNDLE_IDENTIFIER = "br.com.geracaofuturosantos.Gabriel-Viagens";
				PRODUCT_NAME = "$(TARGET_NAME)";
				SWIFT_VERSION = 5.0;
				TARGETED_DEVICE_FAMILY = "1,2";
			};
			name = Debug;
		};
		0D0915E92454C43400365716 /* Release */ = {
			isa = XCBuildConfiguration;
			buildSettings = {
				ASSETCATALOG_COMPILER_APPICON_NAME = AppIcon;
				CODE_SIGN_STYLE = Automatic;
				DEVELOPMENT_TEAM = F7WMR3QZR6;
				INFOPLIST_FILE = "Gabriel Viagens/Info.plist";
				LD_RUNPATH_SEARCH_PATHS = (
					"$(inherited)",
					"@executable_path/Frameworks",
				);
				PRODUCT_BUNDLE_IDENTIFIER = "br.com.geracaofuturosantos.Gabriel-Viagens";
				PRODUCT_NAME = "$(TARGET_NAME)";
				SWIFT_VERSION = 5.0;
				TARGETED_DEVICE_FAMILY = "1,2";
			};
			name = Release;
		};
/* End XCBuildConfiguration section */

/* Begin XCConfigurationList section */
		0D0915CE2454C42F00365716 /* Build configuration list for PBXProject "Gabriel Viagens" */ = {
			isa = XCConfigurationList;
			buildConfigurations = (
				0D0915E52454C43400365716 /* Debug */,
				0D0915E62454C43400365716 /* Release */,
			);
			defaultConfigurationIsVisible = 0;
			defaultConfigurationName = Release;
		};
		0D0915E72454C43400365716 /* Build configuration list for PBXNativeTarget "Gabriel Viagens" */ = {
			isa = XCConfigurationList;
			buildConfigurations = (
				0D0915E82454C43400365716 /* Debug */,
				0D0915E92454C43400365716 /* Release */,
			);
			defaultConfigurationIsVisible = 0;
			defaultConfigurationName = Release;
		};
/* End XCConfigurationList section */
	};
	rootObject = 0D0915CB2454C42F00365716 /* Project object */;
}
